<?xml version="1.0" encoding="utf-8"?>
<Project ToolsVersion="4.0" xmlns="http://schemas.microsoft.com/developer/msbuild/2003">
  <ItemGroup>
    <Filter Include="02.Common">
      <UniqueIdentifier>{bcb62b17-d8af-4fd3-9997-955e3783f370}</UniqueIdentifier>
    </Filter>
    <Filter Include="02.Common\Vector">
      <UniqueIdentifier>{50413959-ca38-4231-a5ca-9d925bde4031}</UniqueIdentifier>
    </Filter>
    <Filter Include="01.Core">
      <UniqueIdentifier>{061b8a99-b1b0-40be-a83b-34aa82bef69d}</UniqueIdentifier>
    </Filter>
    <Filter Include="01.Core\Memory">
      <UniqueIdentifier>{8ee59e68-76d8-4140-9fe3-61f7e649dd74}</UniqueIdentifier>
    </Filter>
    <Filter Include="01.Core\Time">
      <UniqueIdentifier>{40b8f930-9875-4d17-970b-3cbafb6c70dc}</UniqueIdentifier>
    </Filter>
    <Filter Include="01.Core\Directory">
      <UniqueIdentifier>{385fbc06-fb59-44a4-98e9-b613cadb04a4}</UniqueIdentifier>
    </Filter>
    <Filter Include="01.Core\Object">
      <UniqueIdentifier>{3c98b017-853c-4893-bb9e-29ca628905f6}</UniqueIdentifier>
    </Filter>
    <Filter Include="01.Core\Log">
      <UniqueIdentifier>{0e0c4752-0dce-4a60-87c0-8bc08741f3ae}</UniqueIdentifier>
    </Filter>
    <Filter Include="01.Core\Engine">
      <UniqueIdentifier>{83549556-0bdc-4a79-a177-c6c96e56b5ab}</UniqueIdentifier>
    </Filter>
    <Filter Include="01.Core\DX11">
      <UniqueIdentifier>{b19b4218-4f3b-4938-a05a-6d8ab0afdf64}</UniqueIdentifier>
    </Filter>
    <Filter Include="01.Core\Asset">
      <UniqueIdentifier>{e209ecfe-ea90-4018-bcfa-4caf617bbc08}</UniqueIdentifier>
    </Filter>
    <Filter Include="01.Core\Asset\Mesh">
      <UniqueIdentifier>{682465ae-f977-4f03-8ddc-05f6a25c6ffc}</UniqueIdentifier>
    </Filter>
    <Filter Include="00.headeer">
      <UniqueIdentifier>{fe80a05f-b49e-4c78-8db4-159d7cdfadca}</UniqueIdentifier>
    </Filter>
    <Filter Include="03.Object">
      <UniqueIdentifier>{940ad56f-0e5b-4e45-996f-6e7b63f9e55f}</UniqueIdentifier>
    </Filter>
    <Filter Include="04.Component">
      <UniqueIdentifier>{dcb2bf47-b1dc-47c2-aa24-4bda3d6f72ae}</UniqueIdentifier>
    </Filter>
    <Filter Include="05.Collision">
      <UniqueIdentifier>{7d397958-181a-4e14-b999-39224881acc7}</UniqueIdentifier>
    </Filter>
    <Filter Include="06.Controller">
      <UniqueIdentifier>{c70e632a-c345-4796-901f-cb5f69dbfc9e}</UniqueIdentifier>
    </Filter>
    <Filter Include="07.Input">
      <UniqueIdentifier>{1f27d4ae-d0fe-4ee0-8fc3-b3f37cc63685}</UniqueIdentifier>
    </Filter>
    <Filter Include="09.Shader">
      <UniqueIdentifier>{d7838d78-869f-4d76-a66f-27b8c33b938a}</UniqueIdentifier>
    </Filter>
    <Filter Include="09.Shader\HLSL">
      <UniqueIdentifier>{1f230a6e-a537-4045-9f9d-8cf74d06f7a6}</UniqueIdentifier>
    </Filter>
    <Filter Include="09.Shader\ShaderClass">
      <UniqueIdentifier>{1539414a-f540-4c19-a3c8-1693c9beaf6b}</UniqueIdentifier>
    </Filter>
    <Filter Include="09.Shader\ConstantBuffer">
      <UniqueIdentifier>{96884340-f375-417e-aef6-7f01744da3a7}</UniqueIdentifier>
    </Filter>
    <Filter Include="Main">
      <UniqueIdentifier>{f3b8a986-ff73-4e78-994a-5998e63fb0f4}</UniqueIdentifier>
    </Filter>
    <Filter Include="08.World">
      <UniqueIdentifier>{401b8e6c-12af-46c5-8d76-f9df26a5b258}</UniqueIdentifier>
    </Filter>
    <Filter Include="01.Core\Asset\Material">
      <UniqueIdentifier>{4111ec7e-f738-4640-b2bd-bfba5fd705fa}</UniqueIdentifier>
    </Filter>
    <Filter Include="01.Core\Asset\Texture">
      <UniqueIdentifier>{7173a466-90e1-4a77-8880-f46a9ed16fed}</UniqueIdentifier>
    </Filter>
    <Filter Include="10.Render">
      <UniqueIdentifier>{df8162e8-b7e1-44ed-89bf-29dab64740ff}</UniqueIdentifier>
    </Filter>
    <Filter Include="04.Component\Animation">
      <UniqueIdentifier>{e18a8393-ac33-4626-bc64-979121d6f997}</UniqueIdentifier>
    </Filter>
    <Filter Include="01.Core\Asset\Animation">
      <UniqueIdentifier>{4f91b197-b782-4e7f-98d5-204831e02ec5}</UniqueIdentifier>
    </Filter>
    <Filter Include="04.Component\SceneComponent">
      <UniqueIdentifier>{fe0929e7-f1d2-4098-8779-0ca644c6ba54}</UniqueIdentifier>
    </Filter>
    <Filter Include="04.Component\SceneComponent\Collider">
      <UniqueIdentifier>{9ffe7761-8e19-4baa-9955-8c4caf6f6468}</UniqueIdentifier>
    </Filter>
    <Filter Include="04.Component\Tile">
      <UniqueIdentifier>{ea4a2647-990e-45f4-ba40-538ffb5fc18b}</UniqueIdentifier>
    </Filter>
    <Filter Include="09.Shader\StructBuffer">
      <UniqueIdentifier>{86e5c176-916e-46b6-875b-2a8b2e78fc6a}</UniqueIdentifier>
    </Filter>
  </ItemGroup>
  <ItemGroup>
    <ClInclude Include="Common\Info.h">
      <Filter>02.Common</Filter>
    </ClInclude>
    <ClInclude Include="Common\Singleton.h">
      <Filter>02.Common</Filter>
    </ClInclude>
    <ClInclude Include="Core\Defines.h">
      <Filter>01.Core</Filter>
    </ClInclude>
    <ClInclude Include="Common\LogManager.h">
      <Filter>02.Common</Filter>
    </ClInclude>
    <ClInclude Include="Core\TimeManager.h">
      <Filter>01.Core\Time</Filter>
    </ClInclude>
    <ClInclude Include="Core\DirectoryManager.h">
      <Filter>01.Core\Directory</Filter>
    </ClInclude>
    <ClInclude Include="Core\Object.h">
      <Filter>01.Core\Object</Filter>
    </ClInclude>
    <ClInclude Include="Core\Logger.h">
      <Filter>01.Core\Log</Filter>
    </ClInclude>
    <ClInclude Include="Core\GameEngine.h">
      <Filter>01.Core\Engine</Filter>
    </ClInclude>
    <ClInclude Include="targetver.h">
      <Filter>00.headeer</Filter>
    </ClInclude>
    <ClInclude Include="Resource.h">
      <Filter>00.headeer</Filter>
    </ClInclude>
    <ClInclude Include="pch.h">
      <Filter>00.headeer</Filter>
    </ClInclude>
    <ClInclude Include="framework.h">
      <Filter>00.headeer</Filter>
    </ClInclude>
    <ClInclude Include="Client.h">
      <Filter>00.headeer</Filter>
    </ClInclude>
    <ClInclude Include="Core\Timer.h">
      <Filter>01.Core\Time</Filter>
    </ClInclude>
    <ClInclude Include="Common\Vector2D.h">
      <Filter>02.Common\Vector</Filter>
    </ClInclude>
    <ClInclude Include="Common\Vector3D.h">
      <Filter>02.Common\Vector</Filter>
    </ClInclude>
    <ClInclude Include="Common\Matrix.h">
      <Filter>02.Common\Vector</Filter>
    </ClInclude>
    <ClInclude Include="Common\EngineMath.h">
      <Filter>02.Common\Vector</Filter>
    </ClInclude>
    <ClInclude Include="Common\Vector4D.h">
      <Filter>02.Common\Vector</Filter>
    </ClInclude>
    <ClInclude Include="Core\Asset.h">
      <Filter>01.Core\Asset</Filter>
    </ClInclude>
    <ClInclude Include="Core\Mesh.h">
      <Filter>01.Core\Asset\Mesh</Filter>
    </ClInclude>
    <ClInclude Include="Core\Device.h">
      <Filter>01.Core</Filter>
    </ClInclude>
    <ClInclude Include="Core\MeshManager.h">
      <Filter>01.Core\Asset\Mesh</Filter>
    </ClInclude>
    <ClInclude Include="Shader\Shader.h">
      <Filter>09.Shader\ShaderClass</Filter>
    </ClInclude>
    <ClInclude Include="Core\SubManager.h">
      <Filter>01.Core\Object</Filter>
    </ClInclude>
    <ClInclude Include="Shader\ShaderManager.h">
      <Filter>09.Shader</Filter>
    </ClInclude>
    <ClInclude Include="Shader\GraphicShader.h">
      <Filter>09.Shader\ShaderClass</Filter>
    </ClInclude>
    <ClInclude Include="Shader\CBuffer.h">
      <Filter>09.Shader\ConstantBuffer</Filter>
    </ClInclude>
    <ClInclude Include="Shader\TranformCBuffer.h">
      <Filter>09.Shader\ConstantBuffer</Filter>
    </ClInclude>
    <ClInclude Include="Shader\CBufferData.h">
      <Filter>09.Shader\ConstantBuffer</Filter>
    </ClInclude>
    <ClInclude Include="Core\Material.h">
      <Filter>01.Core\Asset\Material</Filter>
    </ClInclude>
    <ClInclude Include="Core\MaterialManager.h">
      <Filter>01.Core\Asset\Material</Filter>
    </ClInclude>
    <ClInclude Include="Core\Texture.h">
      <Filter>01.Core\Asset\Texture</Filter>
    </ClInclude>
    <ClInclude Include="Core\TextureManager.h">
      <Filter>01.Core\Asset\Texture</Filter>
    </ClInclude>
    <ClInclude Include="Shader\MaterialCBuffer.h">
      <Filter>09.Shader\ConstantBuffer</Filter>
    </ClInclude>
    <ClInclude Include="Shader\SBuffer.h">
      <Filter>09.Shader\ConstantBuffer</Filter>
    </ClInclude>
    <ClInclude Include="Shader\SBufferData.h">
      <Filter>09.Shader\ConstantBuffer</Filter>
    </ClInclude>
    <ClInclude Include="Shader\ColorCBuffer.h">
      <Filter>09.Shader\ConstantBuffer</Filter>
    </ClInclude>
    <ClInclude Include="Shader\ColorMeshShader.h">
      <Filter>09.Shader\ShaderClass</Filter>
    </ClInclude>
    <ClInclude Include="Shader\FrameMeshShader.h">
      <Filter>09.Shader\ShaderClass</Filter>
    </ClInclude>
    <ClInclude Include="Shader\StaticMeshShader.h">
      <Filter>09.Shader\ShaderClass</Filter>
    </ClInclude>
    <ClInclude Include="Core\AssetManager.h">
      <Filter>01.Core\Asset</Filter>
    </ClInclude>
    <ClInclude Include="Object\Actor.h">
      <Filter>03.Object</Filter>
    </ClInclude>
    <ClInclude Include="Component\Component.h">
      <Filter>04.Component</Filter>
    </ClInclude>
    <ClInclude Include="Component\ActorComponent.h">
      <Filter>04.Component</Filter>
    </ClInclude>
    <ClInclude Include="World\Level.h">
      <Filter>08.World</Filter>
    </ClInclude>
    <ClInclude Include="Component\SceneComponent.h">
      <Filter>04.Component</Filter>
    </ClInclude>
    <ClInclude Include="Component\CameraComponent.h">
      <Filter>04.Component</Filter>
    </ClInclude>
    <ClInclude Include="Component\MeshComponent.h">
      <Filter>04.Component</Filter>
    </ClInclude>
    <ClInclude Include="Component\SpriteComponent.h">
      <Filter>04.Component</Filter>
    </ClInclude>
    <ClInclude Include="Component\StaticMeshComponent.h">
      <Filter>04.Component</Filter>
    </ClInclude>
    <ClInclude Include="Input\InputSystem.h">
      <Filter>07.Input</Filter>
    </ClInclude>
    <ClInclude Include="Input\InputAction.h">
      <Filter>07.Input</Filter>
    </ClInclude>
    <ClInclude Include="Component\InputComponent.h">
      <Filter>07.Input</Filter>
    </ClInclude>
    <ClInclude Include="Input\InputContext.h">
      <Filter>07.Input</Filter>
    </ClInclude>
    <ClInclude Include="Component\MovementComponent.h">
      <Filter>04.Component</Filter>
    </ClInclude>
    <ClInclude Include="Component\SoundComponent.h">
      <Filter>04.Component</Filter>
    </ClInclude>
    <ClInclude Include="Component\WidgetComponent.h">
      <Filter>04.Component</Filter>
    </ClInclude>
    <ClInclude Include="Controller\Controller.h">
      <Filter>06.Controller</Filter>
    </ClInclude>
    <ClInclude Include="Object\Pawn.h">
      <Filter>03.Object</Filter>
    </ClInclude>
    <ClInclude Include="Object\Player.h">
      <Filter>03.Object</Filter>
    </ClInclude>
    <ClInclude Include="Controller\PlayerController.h">
      <Filter>06.Controller</Filter>
    </ClInclude>
    <ClInclude Include="Component\AIComponent.h">
      <Filter>04.Component</Filter>
    </ClInclude>
    <ClInclude Include="Controller\AIController.h">
      <Filter>06.Controller</Filter>
    </ClInclude>
    <ClInclude Include="Input\Input.h">
      <Filter>07.Input</Filter>
    </ClInclude>
    <ClInclude Include="World\CameraManager.h">
      <Filter>08.World</Filter>
    </ClInclude>
    <ClInclude Include="Object\Camera.h">
      <Filter>08.World</Filter>
    </ClInclude>
    <ClInclude Include="Object\TileMap.h">
      <Filter>03.Object</Filter>
    </ClInclude>
    <ClInclude Include="Object\Monster.h">
      <Filter>03.Object</Filter>
    </ClInclude>
    <ClInclude Include="World\TagManager.h">
      <Filter>08.World</Filter>
    </ClInclude>
    <ClInclude Include="World\World.h">
      <Filter>08.World</Filter>
    </ClInclude>
    <ClInclude Include="Render\RenderManager.h">
      <Filter>10.Render</Filter>
    </ClInclude>
    <ClInclude Include="Render\BlendState.h">
      <Filter>10.Render</Filter>
    </ClInclude>
    <ClInclude Include="Render\DepthStencilState.h">
      <Filter>10.Render</Filter>
    </ClInclude>
    <ClInclude Include="Render\RenderState.h">
      <Filter>10.Render</Filter>
    </ClInclude>
    <ClInclude Include="Render\RenderStateManager.h">
      <Filter>10.Render</Filter>
    </ClInclude>
    <ClInclude Include="Core\Animation2DData.h">
      <Filter>01.Core\Asset\Animation</Filter>
    </ClInclude>
    <ClInclude Include="Core\Animation2DSequence.h">
      <Filter>01.Core\Asset\Animation</Filter>
    </ClInclude>
    <ClInclude Include="Core\AnimationManager.h">
      <Filter>01.Core\Asset\Animation</Filter>
    </ClInclude>
    <ClInclude Include="Component\Animation2D.h">
      <Filter>04.Component\Animation</Filter>
    </ClInclude>
    <ClInclude Include="Shader\AnimCBuffer.h">
      <Filter>09.Shader\ConstantBuffer</Filter>
    </ClInclude>
    <ClInclude Include="Shader\SpriteCBuffer.h">
      <Filter>09.Shader\ConstantBuffer</Filter>
    </ClInclude>
    <ClInclude Include="Shader\SpriteShader.h">
      <Filter>09.Shader\ConstantBuffer</Filter>
    </ClInclude>
    <ClInclude Include="Shader\MaterialPixelShader.h">
      <Filter>09.Shader\ShaderClass</Filter>
    </ClInclude>
    <ClInclude Include="Collision\CollisionManager.h">
      <Filter>05.Collision</Filter>
    </ClInclude>
    <ClInclude Include="Collision\CollisionProfile.h">
      <Filter>05.Collision</Filter>
    </ClInclude>
    <ClInclude Include="Collision\CollisionProfileManager.h">
      <Filter>05.Collision</Filter>
    </ClInclude>
    <ClInclude Include="Collision\CollisionSystem.h">
      <Filter>05.Collision</Filter>
    </ClInclude>
    <ClInclude Include="Component\AABBCollisionComponent.h">
      <Filter>04.Component\SceneComponent\Collider</Filter>
    </ClInclude>
    <ClInclude Include="Component\CollisionComponent.h">
      <Filter>04.Component\SceneComponent\Collider</Filter>
    </ClInclude>
    <ClInclude Include="Component\OBBCollisionComponent.h">
      <Filter>04.Component\SceneComponent\Collider</Filter>
    </ClInclude>
    <ClInclude Include="Component\SphereCollisionComponent.h">
      <Filter>04.Component\SceneComponent\Collider</Filter>
    </ClInclude>
    <ClInclude Include="Component\Tile.h">
      <Filter>04.Component\Tile</Filter>
    </ClInclude>
    <ClInclude Include="Component\TileComponent.h">
      <Filter>04.Component\Tile</Filter>
    </ClInclude>
    <ClInclude Include="Shader\TileMapCBuffer.h">
      <Filter>09.Shader\ConstantBuffer</Filter>
    </ClInclude>
    <ClInclude Include="Shader\TileInstanceShader.h">
      <Filter>09.Shader\ShaderClass</Filter>
    </ClInclude>
    <ClInclude Include="Shader\TileLineInstanceShader.h">
      <Filter>09.Shader\ShaderClass</Filter>
    </ClInclude>
    <ClInclude Include="Shader\TileShader.h">
      <Filter>09.Shader\ShaderClass</Filter>
    </ClInclude>
    <ClInclude Include="Shader\TileLineSBuffer.h">
      <Filter>09.Shader\StructBuffer</Filter>
    </ClInclude>
    <ClInclude Include="Shader\TileSBuffer.h">
      <Filter>09.Shader\StructBuffer</Filter>
    </ClInclude>
    <ClInclude Include="Component\AIBoard.h">
      <Filter>04.Component</Filter>
    </ClInclude>
    <ClInclude Include="Component\AIState.h">
      <Filter>04.Component</Filter>
    </ClInclude>
    <ClInclude Include="Component\AITransition.h">
      <Filter>04.Component</Filter>
    </ClInclude>
  </ItemGroup>
  <ItemGroup>
    <ClCompile Include="Common\LogManager.cpp">
      <Filter>02.Common</Filter>
    </ClCompile>
    <ClCompile Include="Core\TimeManager.cpp">
      <Filter>01.Core\Time</Filter>
    </ClCompile>
    <ClCompile Include="Core\DirectoryManager.cpp">
      <Filter>01.Core\Directory</Filter>
    </ClCompile>
    <ClCompile Include="Core\Object.cpp">
      <Filter>01.Core\Object</Filter>
    </ClCompile>
    <ClCompile Include="Core\GameEngine.cpp">
      <Filter>01.Core\Engine</Filter>
    </ClCompile>
    <ClCompile Include="pch.cpp">
      <Filter>00.headeer</Filter>
    </ClCompile>
    <ClCompile Include="Client.cpp">
      <Filter>Main</Filter>
    </ClCompile>
    <ClCompile Include="Core\Timer.cpp">
      <Filter>01.Core\Time</Filter>
    </ClCompile>
    <ClCompile Include="Common\Vector2D.cpp">
      <Filter>02.Common\Vector</Filter>
    </ClCompile>
    <ClCompile Include="Common\Vector3D.cpp">
      <Filter>02.Common\Vector</Filter>
    </ClCompile>
    <ClCompile Include="Common\Matrix.cpp">
      <Filter>02.Common\Vector</Filter>
    </ClCompile>
    <ClCompile Include="Common\Vector4D.cpp">
      <Filter>02.Common\Vector</Filter>
    </ClCompile>
    <ClCompile Include="Core\Asset.cpp">
      <Filter>01.Core\Asset</Filter>
    </ClCompile>
    <ClCompile Include="Core\Mesh.cpp">
      <Filter>01.Core\Asset\Mesh</Filter>
    </ClCompile>
    <ClCompile Include="Core\Device.cpp">
      <Filter>01.Core</Filter>
    </ClCompile>
    <ClCompile Include="Core\MeshManager.cpp">
      <Filter>01.Core\Asset\Mesh</Filter>
    </ClCompile>
    <ClCompile Include="Shader\Shader.cpp">
      <Filter>09.Shader\ShaderClass</Filter>
    </ClCompile>
    <ClCompile Include="Core\SubManager.cpp">
      <Filter>01.Core\Object</Filter>
    </ClCompile>
    <ClCompile Include="Shader\ShaderManager.cpp">
      <Filter>09.Shader</Filter>
    </ClCompile>
    <ClCompile Include="Shader\GraphicShader.cpp">
      <Filter>09.Shader\ShaderClass</Filter>
    </ClCompile>
    <ClCompile Include="Shader\CBuffer.cpp">
      <Filter>09.Shader\ConstantBuffer</Filter>
    </ClCompile>
    <ClCompile Include="Shader\TranformCBuffer.cpp">
      <Filter>09.Shader\ConstantBuffer</Filter>
    </ClCompile>
    <ClCompile Include="Core\Material.cpp">
      <Filter>01.Core\Asset\Material</Filter>
    </ClCompile>
    <ClCompile Include="Core\MaterialManager.cpp">
      <Filter>01.Core\Asset\Material</Filter>
    </ClCompile>
    <ClCompile Include="Core\Texture.cpp">
      <Filter>01.Core\Asset\Texture</Filter>
    </ClCompile>
    <ClCompile Include="Core\TextureManager.cpp">
      <Filter>01.Core\Asset\Texture</Filter>
    </ClCompile>
    <ClCompile Include="Shader\MaterialCBuffer.cpp">
      <Filter>09.Shader\ConstantBuffer</Filter>
    </ClCompile>
    <ClCompile Include="Shader\SBuffer.cpp">
      <Filter>09.Shader\ConstantBuffer</Filter>
    </ClCompile>
    <ClCompile Include="Shader\ColorCBuffer.cpp">
      <Filter>09.Shader\ConstantBuffer</Filter>
    </ClCompile>
    <ClCompile Include="Shader\ColorMeshShader.cpp">
      <Filter>09.Shader\ShaderClass</Filter>
    </ClCompile>
    <ClCompile Include="Shader\FrameMeshShader.cpp">
      <Filter>09.Shader\ShaderClass</Filter>
    </ClCompile>
    <ClCompile Include="Shader\StaticMeshShader.cpp">
      <Filter>09.Shader\ShaderClass</Filter>
    </ClCompile>
    <ClCompile Include="Core\AssetManager.cpp">
      <Filter>01.Core\Asset</Filter>
    </ClCompile>
    <ClCompile Include="Object\Actor.cpp">
      <Filter>03.Object</Filter>
    </ClCompile>
    <ClCompile Include="Component\Component.cpp">
      <Filter>04.Component</Filter>
    </ClCompile>
    <ClCompile Include="Component\ActorComponent.cpp">
      <Filter>04.Component</Filter>
    </ClCompile>
    <ClCompile Include="World\Level.cpp">
      <Filter>08.World</Filter>
    </ClCompile>
    <ClCompile Include="Component\SceneComponent.cpp">
      <Filter>04.Component</Filter>
    </ClCompile>
    <ClCompile Include="Component\CameraComponent.cpp">
      <Filter>04.Component</Filter>
    </ClCompile>
    <ClCompile Include="Component\MeshComponent.cpp">
      <Filter>04.Component</Filter>
    </ClCompile>
    <ClCompile Include="Component\SpriteComponent.cpp">
      <Filter>04.Component</Filter>
    </ClCompile>
    <ClCompile Include="Component\StaticMeshComponent.cpp">
      <Filter>04.Component</Filter>
    </ClCompile>
    <ClCompile Include="Input\InputAction.cpp">
      <Filter>07.Input</Filter>
    </ClCompile>
    <ClCompile Include="Component\InputComponent.cpp">
      <Filter>07.Input</Filter>
    </ClCompile>
    <ClCompile Include="Input\InputContext.cpp">
      <Filter>07.Input</Filter>
    </ClCompile>
    <ClCompile Include="Input\InputSystem.cpp">
      <Filter>07.Input</Filter>
    </ClCompile>
    <ClCompile Include="Component\MovementComponent.cpp">
      <Filter>04.Component</Filter>
    </ClCompile>
    <ClCompile Include="Component\SoundComponent.cpp">
      <Filter>04.Component</Filter>
    </ClCompile>
    <ClCompile Include="Component\WidgetComponent.cpp">
      <Filter>04.Component</Filter>
    </ClCompile>
    <ClCompile Include="Controller\Controller.cpp">
      <Filter>06.Controller</Filter>
    </ClCompile>
    <ClCompile Include="Object\Pawn.cpp">
      <Filter>03.Object</Filter>
    </ClCompile>
    <ClCompile Include="Object\Player.cpp">
      <Filter>03.Object</Filter>
    </ClCompile>
    <ClCompile Include="Controller\PlayerController.cpp">
      <Filter>06.Controller</Filter>
    </ClCompile>
    <ClCompile Include="Component\AIComponent.cpp">
      <Filter>04.Component</Filter>
    </ClCompile>
    <ClCompile Include="Controller\AIController.cpp">
      <Filter>06.Controller</Filter>
    </ClCompile>
    <ClCompile Include="Input\Input.cpp">
      <Filter>07.Input</Filter>
    </ClCompile>
    <ClCompile Include="Object\Camera.cpp">
      <Filter>08.World</Filter>
    </ClCompile>
    <ClCompile Include="World\CameraManager.cpp">
      <Filter>08.World</Filter>
    </ClCompile>
    <ClCompile Include="Object\TileMap.cpp">
      <Filter>03.Object</Filter>
    </ClCompile>
    <ClCompile Include="Object\Monster.cpp">
      <Filter>03.Object</Filter>
    </ClCompile>
    <ClCompile Include="World\TagManager.cpp">
      <Filter>08.World</Filter>
    </ClCompile>
    <ClCompile Include="World\World.cpp">
      <Filter>08.World</Filter>
    </ClCompile>
    <ClCompile Include="Render\RenderManager.cpp">
      <Filter>10.Render</Filter>
    </ClCompile>
    <ClCompile Include="Render\BlendState.cpp">
      <Filter>10.Render</Filter>
    </ClCompile>
    <ClCompile Include="Render\DepthStencilState.cpp">
      <Filter>10.Render</Filter>
    </ClCompile>
    <ClCompile Include="Render\RenderState.cpp">
      <Filter>10.Render</Filter>
    </ClCompile>
    <ClCompile Include="Render\RenderStateManager.cpp">
      <Filter>10.Render</Filter>
    </ClCompile>
    <ClCompile Include="Core\Animation2DData.cpp">
      <Filter>01.Core\Asset\Animation</Filter>
    </ClCompile>
    <ClCompile Include="Core\Animation2DSequence.cpp">
      <Filter>01.Core\Asset\Animation</Filter>
    </ClCompile>
    <ClCompile Include="Core\AnimationManager.cpp">
      <Filter>01.Core\Asset\Animation</Filter>
    </ClCompile>
    <ClCompile Include="Component\Animation2D.cpp">
      <Filter>04.Component\Animation</Filter>
    </ClCompile>
    <ClCompile Include="Shader\AnimCBuffer.cpp">
      <Filter>09.Shader\ConstantBuffer</Filter>
    </ClCompile>
    <ClCompile Include="Shader\SpriteCBuffer.cpp">
      <Filter>09.Shader\ConstantBuffer</Filter>
    </ClCompile>
    <ClCompile Include="Shader\SpriteShader.cpp">
      <Filter>09.Shader\ConstantBuffer</Filter>
    </ClCompile>
    <ClCompile Include="Shader\MaterialPixelShader.cpp">
      <Filter>09.Shader\ShaderClass</Filter>
    </ClCompile>
    <ClCompile Include="Collision\CollisionManager.cpp">
      <Filter>05.Collision</Filter>
    </ClCompile>
    <ClCompile Include="Collision\CollisionProfile.cpp">
      <Filter>05.Collision</Filter>
    </ClCompile>
    <ClCompile Include="Collision\CollisionProfileManager.cpp">
      <Filter>05.Collision</Filter>
    </ClCompile>
    <ClCompile Include="Collision\CollisionSystem.cpp">
      <Filter>05.Collision</Filter>
    </ClCompile>
    <ClCompile Include="Component\AABBCollisionComponent.cpp">
      <Filter>04.Component\SceneComponent\Collider</Filter>
    </ClCompile>
    <ClCompile Include="Component\CollisionComponent.cpp">
      <Filter>04.Component\SceneComponent\Collider</Filter>
    </ClCompile>
    <ClCompile Include="Component\OBBCollisionComponent.cpp">
      <Filter>04.Component\SceneComponent\Collider</Filter>
    </ClCompile>
    <ClCompile Include="Component\SphereCollisionComponent.cpp">
      <Filter>04.Component\SceneComponent\Collider</Filter>
    </ClCompile>
    <ClCompile Include="Component\Tile.cpp">
      <Filter>04.Component\Tile</Filter>
    </ClCompile>
    <ClCompile Include="Component\TileComponent.cpp">
      <Filter>04.Component\Tile</Filter>
    </ClCompile>
    <ClCompile Include="Shader\TileMapCBuffer.cpp">
      <Filter>09.Shader\ConstantBuffer</Filter>
    </ClCompile>
    <ClCompile Include="Shader\TileInstanceShader.cpp">
      <Filter>09.Shader\ShaderClass</Filter>
    </ClCompile>
    <ClCompile Include="Shader\TileLineInstanceShader.cpp">
      <Filter>09.Shader\ShaderClass</Filter>
    </ClCompile>
    <ClCompile Include="Shader\TileShader.cpp">
      <Filter>09.Shader\ShaderClass</Filter>
    </ClCompile>
    <ClCompile Include="Shader\TileLineSBuffer.cpp">
      <Filter>09.Shader\StructBuffer</Filter>
    </ClCompile>
    <ClCompile Include="Shader\TileSBuffer.cpp">
      <Filter>09.Shader\StructBuffer</Filter>
    </ClCompile>
    <ClCompile Include="Component\AIBoard.cpp">
      <Filter>04.Component</Filter>
    </ClCompile>
    <ClCompile Include="Component\AIState.cpp">
      <Filter>04.Component</Filter>
    </ClCompile>
    <ClCompile Include="Component\AITransition.cpp">
      <Filter>04.Component</Filter>
    </ClCompile>
  </ItemGroup>
  <ItemGroup>
    <Image Include="Client.ico">
      <Filter>00.headeer</Filter>
    </Image>
    <Image Include="small.ico">
      <Filter>00.headeer</Filter>
    </Image>
  </ItemGroup>
  <ItemGroup>
    <ResourceCompile Include="Client.rc">
      <Filter>00.headeer</Filter>
    </ResourceCompile>
  </ItemGroup>
  <ItemGroup>
    <FxCompile Include="..\HLSL\Share.fx">
      <Filter>09.Shader\HLSL</Filter>
    </FxCompile>
    <FxCompile Include="..\HLSL\ColorMesh.fx">
      <Filter>09.Shader\HLSL</Filter>
    </FxCompile>
    <FxCompile Include="..\HLSL\Mesh.fx">
      <Filter>09.Shader\HLSL</Filter>
    </FxCompile>
    <FxCompile Include="..\HLSL\Sprite.fx">
      <Filter>09.Shader\HLSL</Filter>
    </FxCompile>
    <FxCompile Include="..\HLSL\TileInstance.fx">
      <Filter>09.Shader\HLSL</Filter>
    </FxCompile>
    <FxCompile Include="..\HLSL\TileMap.fx">
      <Filter>09.Shader\HLSL</Filter>
    </FxCompile>
    <FxCompile Include="..\HLSL\UI.fx">
      <Filter>09.Shader\HLSL</Filter>
    </FxCompile>
  </ItemGroup>
</Project>