<?xml version="1.0" encoding="utf-8"?>
<Project ToolsVersion="4.0" xmlns="http://schemas.microsoft.com/developer/msbuild/2003">
  <ItemGroup>
    <Filter Include="Shader">
      <UniqueIdentifier>{d7838d78-869f-4d76-a66f-27b8c33b938a}</UniqueIdentifier>
    </Filter>
    <Filter Include="Shader\HLSL">
      <UniqueIdentifier>{1f230a6e-a537-4045-9f9d-8cf74d06f7a6}</UniqueIdentifier>
    </Filter>
    <Filter Include="Shader\ShaderClass">
      <UniqueIdentifier>{1539414a-f540-4c19-a3c8-1693c9beaf6b}</UniqueIdentifier>
    </Filter>
    <Filter Include="Shader\ConstantBuffer">
      <UniqueIdentifier>{96884340-f375-417e-aef6-7f01744da3a7}</UniqueIdentifier>
    </Filter>
    <Filter Include="Main">
      <UniqueIdentifier>{f3b8a986-ff73-4e78-994a-5998e63fb0f4}</UniqueIdentifier>
    </Filter>
    <Filter Include="Component">
      <UniqueIdentifier>{dcb2bf47-b1dc-47c2-aa24-4bda3d6f72ae}</UniqueIdentifier>
    </Filter>
    <Filter Include="World">
      <UniqueIdentifier>{401b8e6c-12af-46c5-8d76-f9df26a5b258}</UniqueIdentifier>
    </Filter>
    <Filter Include="Input">
      <UniqueIdentifier>{1f27d4ae-d0fe-4ee0-8fc3-b3f37cc63685}</UniqueIdentifier>
    </Filter>
    <Filter Include="Component\ActorComponent">
      <UniqueIdentifier>{8011055d-cb83-4742-8430-368c2f5d333c}</UniqueIdentifier>
    </Filter>
    <Filter Include="Component\SceneComponent">
      <UniqueIdentifier>{a7c90ee7-6e9a-4afe-a4db-b942f8e8487a}</UniqueIdentifier>
    </Filter>
    <Filter Include="Controller">
      <UniqueIdentifier>{c70e632a-c345-4796-901f-cb5f69dbfc9e}</UniqueIdentifier>
    </Filter>
    <Filter Include="Collision">
      <UniqueIdentifier>{7d397958-181a-4e14-b999-39224881acc7}</UniqueIdentifier>
    </Filter>
    <Filter Include="Component\SceneComponent\Collider">
      <UniqueIdentifier>{c81f4a9d-95a3-42fb-8424-10686cc342a7}</UniqueIdentifier>
    </Filter>
    <Filter Include="02.Common">
      <UniqueIdentifier>{bcb62b17-d8af-4fd3-9997-955e3783f370}</UniqueIdentifier>
    </Filter>
    <Filter Include="02.Common\Vector">
      <UniqueIdentifier>{50413959-ca38-4231-a5ca-9d925bde4031}</UniqueIdentifier>
    </Filter>
    <Filter Include="01.Core">
      <UniqueIdentifier>{061b8a99-b1b0-40be-a83b-34aa82bef69d}</UniqueIdentifier>
    </Filter>
    <Filter Include="01.Core\Memory">
      <UniqueIdentifier>{8ee59e68-76d8-4140-9fe3-61f7e649dd74}</UniqueIdentifier>
    </Filter>
    <Filter Include="01.Core\Time">
      <UniqueIdentifier>{40b8f930-9875-4d17-970b-3cbafb6c70dc}</UniqueIdentifier>
    </Filter>
    <Filter Include="01.Core\Directory">
      <UniqueIdentifier>{385fbc06-fb59-44a4-98e9-b613cadb04a4}</UniqueIdentifier>
    </Filter>
    <Filter Include="01.Core\Object">
      <UniqueIdentifier>{3c98b017-853c-4893-bb9e-29ca628905f6}</UniqueIdentifier>
    </Filter>
    <Filter Include="01.Core\Log">
      <UniqueIdentifier>{0e0c4752-0dce-4a60-87c0-8bc08741f3ae}</UniqueIdentifier>
    </Filter>
    <Filter Include="01.Core\Engine">
      <UniqueIdentifier>{83549556-0bdc-4a79-a177-c6c96e56b5ab}</UniqueIdentifier>
    </Filter>
    <Filter Include="01.Core\DX11">
      <UniqueIdentifier>{b19b4218-4f3b-4938-a05a-6d8ab0afdf64}</UniqueIdentifier>
    </Filter>
    <Filter Include="01.Core\Asset">
      <UniqueIdentifier>{e209ecfe-ea90-4018-bcfa-4caf617bbc08}</UniqueIdentifier>
    </Filter>
    <Filter Include="01.Core\Asset\Mesh">
      <UniqueIdentifier>{682465ae-f977-4f03-8ddc-05f6a25c6ffc}</UniqueIdentifier>
    </Filter>
    <Filter Include="00.headeer">
      <UniqueIdentifier>{fe80a05f-b49e-4c78-8db4-159d7cdfadca}</UniqueIdentifier>
    </Filter>
    <Filter Include="03.Object">
      <UniqueIdentifier>{940ad56f-0e5b-4e45-996f-6e7b63f9e55f}</UniqueIdentifier>
    </Filter>
  </ItemGroup>
  <ItemGroup>
    <ClInclude Include="Common\Info.h">
      <Filter>02.Common</Filter>
    </ClInclude>
    <ClInclude Include="Common\Singleton.h">
      <Filter>02.Common</Filter>
    </ClInclude>
    <ClInclude Include="Core\Defines.h">
      <Filter>01.Core</Filter>
    </ClInclude>
    <ClInclude Include="Common\LogManager.h">
      <Filter>02.Common</Filter>
    </ClInclude>
    <ClInclude Include="Core\TimeManager.h">
      <Filter>01.Core\Time</Filter>
    </ClInclude>
    <ClInclude Include="Core\DirectoryManager.h">
      <Filter>01.Core\Directory</Filter>
    </ClInclude>
    <ClInclude Include="Core\Object.h">
      <Filter>01.Core\Object</Filter>
    </ClInclude>
    <ClInclude Include="Core\Logger.h">
      <Filter>01.Core\Log</Filter>
    </ClInclude>
    <ClInclude Include="Core\GameEngine.h">
      <Filter>01.Core\Engine</Filter>
    </ClInclude>
    <ClInclude Include="Core\Device.h">
      <Filter>01.Core\DX11</Filter>
    </ClInclude>
    <ClInclude Include="targetver.h">
      <Filter>00.headeer</Filter>
    </ClInclude>
    <ClInclude Include="Resource.h">
      <Filter>00.headeer</Filter>
    </ClInclude>
    <ClInclude Include="pch.h">
      <Filter>00.headeer</Filter>
    </ClInclude>
    <ClInclude Include="framework.h">
      <Filter>00.headeer</Filter>
    </ClInclude>
    <ClInclude Include="Client.h">
      <Filter>00.headeer</Filter>
    </ClInclude>
    <ClInclude Include="Core\Timer.h">
      <Filter>01.Core\Time</Filter>
    </ClInclude>
    <ClInclude Include="Common\Vector2D.h">
      <Filter>02.Common\Vector</Filter>
    </ClInclude>
    <ClInclude Include="Common\Vector3D.h">
      <Filter>02.Common\Vector</Filter>
    </ClInclude>
    <ClInclude Include="Common\Matrix.h">
      <Filter>02.Common\Vector</Filter>
    </ClInclude>
    <ClInclude Include="Common\EngineMath.h">
      <Filter>02.Common\Vector</Filter>
    </ClInclude>
    <ClInclude Include="Common\Vector4D.h">
      <Filter>02.Common\Vector</Filter>
    </ClInclude>
    <ClInclude Include="Core\Asset.h">
      <Filter>01.Core\Asset</Filter>
    </ClInclude>
    <ClInclude Include="Core\Mesh.h">
      <Filter>01.Core\Asset\Mesh</Filter>
    </ClInclude>
    <ClInclude Include="Core\MeshManager.h" />
    <ClInclude Include="Core\SubManager.h" />
  </ItemGroup>
  <ItemGroup>
    <ClCompile Include="Common\LogManager.cpp">
      <Filter>02.Common</Filter>
    </ClCompile>
    <ClCompile Include="Core\TimeManager.cpp">
      <Filter>01.Core\Time</Filter>
    </ClCompile>
    <ClCompile Include="Core\DirectoryManager.cpp">
      <Filter>01.Core\Directory</Filter>
    </ClCompile>
    <ClCompile Include="Core\Object.cpp">
      <Filter>01.Core\Object</Filter>
    </ClCompile>
    <ClCompile Include="Core\GameEngine.cpp">
      <Filter>01.Core\Engine</Filter>
    </ClCompile>
    <ClCompile Include="Core\Device.cpp">
      <Filter>01.Core\DX11</Filter>
    </ClCompile>
    <ClCompile Include="pch.cpp">
      <Filter>00.headeer</Filter>
    </ClCompile>
    <ClCompile Include="Client.cpp">
      <Filter>Main</Filter>
    </ClCompile>
    <ClCompile Include="Core\Timer.cpp">
      <Filter>01.Core\Time</Filter>
    </ClCompile>
    <ClCompile Include="Common\Vector2D.cpp">
      <Filter>02.Common\Vector</Filter>
    </ClCompile>
    <ClCompile Include="Common\Vector3D.cpp">
      <Filter>02.Common\Vector</Filter>
    </ClCompile>
    <ClCompile Include="Common\Matrix.cpp">
      <Filter>02.Common\Vector</Filter>
    </ClCompile>
    <ClCompile Include="Common\Vector4D.cpp">
      <Filter>02.Common\Vector</Filter>
    </ClCompile>
    <ClCompile Include="Core\Asset.cpp">
      <Filter>01.Core\Asset</Filter>
    </ClCompile>
    <ClCompile Include="Core\Mesh.cpp">
      <Filter>01.Core\Asset\Mesh</Filter>
    </ClCompile>
    <ClCompile Include="Core\MeshManager.cpp" />
    <ClCompile Include="Core\SubManager.cpp" />
  </ItemGroup>
  <ItemGroup>
    <Image Include="Client.ico">
      <Filter>00.headeer</Filter>
    </Image>
    <Image Include="small.ico">
      <Filter>00.headeer</Filter>
    </Image>
  </ItemGroup>
  <ItemGroup>
    <ResourceCompile Include="Client.rc">
      <Filter>00.headeer</Filter>
    </ResourceCompile>
  </ItemGroup>
</Project>